<?xml version="1.0" encoding="utf-8"?>
<Project ToolsVersion="4.0" xmlns="http://schemas.microsoft.com/developer/msbuild/2003">
  <ItemGroup>
    <Filter Include="Common">
      <UniqueIdentifier>9aba0248-a8d2-4191-b28c-d425618af6a6</UniqueIdentifier>
    </Filter>
    <Filter Include="Assets">
      <UniqueIdentifier>a6d39b32-6481-427c-8339-5ab4d4dd3abd</UniqueIdentifier>
      <Extensions>ico;cur;bmp;dds;dlg;fbx;rct;bin;rgs;gif;jpg;jpeg;jpe;resx;tga;tiff;tif;png;wav;mfcribbon-ms</Extensions>
    </Filter>
    <Filter Include="Game">
      <UniqueIdentifier>{fbe5c1a0-c8b8-4e89-a526-95b1ce4e3b36}</UniqueIdentifier>
    </Filter>
    <Filter Include="Game\Scene">
      <UniqueIdentifier>{e56f5bfb-cc3c-4d5f-9aa6-0b3cce46d840}</UniqueIdentifier>
    </Filter>
    <Filter Include="Game\GameObjects">
      <UniqueIdentifier>{f79badea-3aec-445c-91cb-4fd3d21f0715}</UniqueIdentifier>
    </Filter>
    <Filter Include="Common\Physics">
      <UniqueIdentifier>{488ad2c3-4759-4b53-83d0-e5a5474459c5}</UniqueIdentifier>
    </Filter>
    <Filter Include="ImaseLib">
      <UniqueIdentifier>{7bb54706-1730-4196-b130-e11437d29adb}</UniqueIdentifier>
    </Filter>
    <Filter Include="Game\GameObjects\Enemy">
      <UniqueIdentifier>{461bd76b-e444-443e-b78b-23fd3e00a09f}</UniqueIdentifier>
    </Filter>
    <Filter Include="Game\GameObjects\Enemy\GroundEnemy">
      <UniqueIdentifier>{272306ed-147d-44b6-83c2-79b97422059f}</UniqueIdentifier>
    </Filter>
    <Filter Include="Game\GameObjects\Player">
      <UniqueIdentifier>{523b238a-4d67-4fc2-b989-e4b7557bbde8}</UniqueIdentifier>
    </Filter>
    <Filter Include="Interface">
      <UniqueIdentifier>{fd47568a-c5cc-46d2-bce7-e1dd1e16c966}</UniqueIdentifier>
    </Filter>
    <Filter Include="Data">
      <UniqueIdentifier>{b2af3d0f-a445-4c7f-803a-95ed27ee7bc7}</UniqueIdentifier>
    </Filter>
    <Filter Include="UI">
      <UniqueIdentifier>{c0a1a879-101d-41d7-8f04-9c36ee28c9be}</UniqueIdentifier>
    </Filter>
    <Filter Include="Game\GameObjects\Stage">
      <UniqueIdentifier>{b5694175-ce38-4375-a57b-86887b4590b9}</UniqueIdentifier>
    </Filter>
    <Filter Include="Game\GameObjects\Player\State">
      <UniqueIdentifier>{4df21cdd-abd0-4268-80f2-2e82d6bfbeb7}</UniqueIdentifier>
    </Filter>
    <Filter Include="Game\GameObjects\Enemy\GroundEnemy\State">
      <UniqueIdentifier>{1a8e2e9e-3781-47cb-b928-f64e6077cb1b}</UniqueIdentifier>
    </Filter>
    <Filter Include="Effect">
      <UniqueIdentifier>{b308b5bc-39ca-475e-9d7f-ffadb700327e}</UniqueIdentifier>
    </Filter>
    <Filter Include="Shader">
      <UniqueIdentifier>{b2acdf21-3cd6-4cec-99d7-6628900e46f3}</UniqueIdentifier>
    </Filter>
    <Filter Include="Effect\Circle">
      <UniqueIdentifier>{b63a5832-5a2a-4ba0-aabf-8d9cc17abfcc}</UniqueIdentifier>
    </Filter>
    <Filter Include="Effect\Trajectory">
      <UniqueIdentifier>{75d136f8-c9be-4678-a875-acdb72b33ff3}</UniqueIdentifier>
    </Filter>
    <Filter Include="Game\GameObjects\Stage\Objects">
      <UniqueIdentifier>{e7a5db7a-afc7-4f5f-8c12-1faf94c00c3a}</UniqueIdentifier>
    </Filter>
    <Filter Include="Json">
      <UniqueIdentifier>{92f6e619-17d3-4bd9-acbd-67c4de95dd1f}</UniqueIdentifier>
    </Filter>
  </ItemGroup>
  <ItemGroup>
    <ClInclude Include="Source\Game\Game.h">
      <Filter>Game</Filter>
    </ClInclude>
    <ClInclude Include="pch.h" />
    <ClInclude Include="Source\Game\Common\PhysicsEngine\ExternalForce.h">
      <Filter>Common\Physics</Filter>
    </ClInclude>
    <ClInclude Include="Source\Game\Common\PhysicsEngine\Friction.h">
      <Filter>Common\Physics</Filter>
    </ClInclude>
    <ClInclude Include="Source\Game\Common\PhysicsEngine\Gravity.h">
      <Filter>Common\Physics</Filter>
    </ClInclude>
    <ClInclude Include="Source\Game\Common\PhysicsEngine\PhysicsObject.h">
      <Filter>Common\Physics</Filter>
    </ClInclude>
    <ClInclude Include="Source\Game\Common\RenderContext.h">
      <Filter>Common</Filter>
    </ClInclude>
    <ClInclude Include="Source\Game\Common\ResourceManager.h">
      <Filter>Common</Filter>
    </ClInclude>
    <ClInclude Include="Source\Game\Common\Scene.h">
      <Filter>Common</Filter>
    </ClInclude>
    <ClInclude Include="Source\Game\Common\SceneManager.h">
      <Filter>Common</Filter>
    </ClInclude>
    <ClInclude Include="Source\Game\Common\StepTimer.h">
      <Filter>Common</Filter>
    </ClInclude>
    <ClInclude Include="Source\Game\Common\AudioManager.h">
      <Filter>Common</Filter>
    </ClInclude>
    <ClInclude Include="Source\Game\Common\Collision.h">
      <Filter>Common</Filter>
    </ClInclude>
    <ClInclude Include="Source\Game\Common\DeviceResources.h">
      <Filter>Common</Filter>
    </ClInclude>
    <ClInclude Include="ImaseLib\DebugFont.h">
      <Filter>ImaseLib</Filter>
    </ClInclude>
    <ClInclude Include="Source\Game\Scenes\StageScene.h">
      <Filter>Game\Scene</Filter>
    </ClInclude>
    <ClInclude Include="Source\Game\Scenes\TitleScene.h">
      <Filter>Game\Scene</Filter>
    </ClInclude>
    <ClInclude Include="Source\Game\GameObjects\Enemy\Enemy.h">
      <Filter>Game\GameObjects\Enemy</Filter>
    </ClInclude>
    <ClInclude Include="Source\Game\GameObjects\Enemy\GroundEnemy\GroundEnemy.h">
      <Filter>Game\GameObjects\Enemy\GroundEnemy</Filter>
    </ClInclude>
    <ClInclude Include="Source\Game\Data\WeaponData.h">
      <Filter>Data</Filter>
    </ClInclude>
    <ClInclude Include="Source\Game\Interface\IState.h">
      <Filter>Interface</Filter>
    </ClInclude>
    <ClInclude Include="Source\Game\GameObjects\Player\Player.h">
      <Filter>Game\GameObjects\Player</Filter>
    </ClInclude>
    <ClInclude Include="Source\Game\GameObjects\Camera.h">
      <Filter>Game\GameObjects</Filter>
    </ClInclude>
    <ClInclude Include="Source\Game\UI\WeaponUI.h">
      <Filter>UI</Filter>
    </ClInclude>
    <ClInclude Include="Source\Game\GameObjects\Player\Player_Walk.h">
      <Filter>Game\GameObjects\Player\State</Filter>
    </ClInclude>
    <ClInclude Include="Source\Game\GameObjects\Player\Player_AttackBasic.h">
      <Filter>Game\GameObjects\Player\State</Filter>
    </ClInclude>
    <ClInclude Include="Source\Game\GameObjects\Player\Player_AttackHeavy.h">
      <Filter>Game\GameObjects\Player\State</Filter>
    </ClInclude>
    <ClInclude Include="Source\Game\GameObjects\Player\Player_AttackRolling.h">
      <Filter>Game\GameObjects\Player\State</Filter>
    </ClInclude>
    <ClInclude Include="Source\Game\GameObjects\Player\Player_Idle.h">
      <Filter>Game\GameObjects\Player\State</Filter>
    </ClInclude>
    <ClInclude Include="Source\Game\GameObjects\Enemy\GroundEnemy\GroundEnemy_Bounce.h">
      <Filter>Game\GameObjects\Enemy\GroundEnemy\State</Filter>
    </ClInclude>
    <ClInclude Include="Source\Game\GameObjects\Enemy\GroundEnemy\GroundEnemy_Idle.h">
      <Filter>Game\GameObjects\Enemy\GroundEnemy\State</Filter>
    </ClInclude>
    <ClInclude Include="Source\Game\GameObjects\Enemy\GroundEnemy\GroundEnemy_Walk.h">
      <Filter>Game\GameObjects\Enemy\GroundEnemy\State</Filter>
    </ClInclude>
    <ClInclude Include="Source\Game\GameObjects\Enemy\GroundEnemy\GroundEnemy_Attack.h">
      <Filter>Game\GameObjects\Enemy\GroundEnemy\State</Filter>
    </ClInclude>
    <ClInclude Include="Source\Game\Effect\Trajectory\TrajectoryParticleUtility.h">
      <Filter>Effect\Trajectory</Filter>
    </ClInclude>
    <ClInclude Include="Source\Game\Effect\Trajectory\TrajectoryParticle.h">
      <Filter>Effect\Trajectory</Filter>
    </ClInclude>
    <ClInclude Include="Source\Game\Effect\Circle\CircleParticleUtility.h">
      <Filter>Effect\Circle</Filter>
    </ClInclude>
    <ClInclude Include="Source\Game\Effect\Circle\CircleParticle.h">
      <Filter>Effect\Circle</Filter>
    </ClInclude>
    <ClInclude Include="Source\Game\Common\BinaryFile.h">
      <Filter>Common</Filter>
    </ClInclude>
    <ClInclude Include="Source\Game\Common\UserResources.h">
      <Filter>Common</Filter>
    </ClInclude>
    <ClInclude Include="Source\Game\GameObjects\Enemy\EnemyManager.h">
      <Filter>Game\GameObjects\Enemy</Filter>
    </ClInclude>
    <ClInclude Include="Source\Game\Common\CollisionManager.h">
      <Filter>Common</Filter>
    </ClInclude>
    <ClInclude Include="Source\Game\Effect\EffectManager.h">
      <Filter>Effect</Filter>
    </ClInclude>
    <ClInclude Include="Source\Game\GameObjects\Stage\Objects\BounceBox.h">
      <Filter>Game\GameObjects\Stage\Objects</Filter>
    </ClInclude>
    <ClInclude Include="Source\Game\GameObjects\Stage\Objects\CountArea.h">
      <Filter>Game\GameObjects\Stage\Objects</Filter>
    </ClInclude>
    <ClInclude Include="Source\Game\GameObjects\Stage\Objects\Goal.h">
      <Filter>Game\GameObjects\Stage\Objects</Filter>
    </ClInclude>
    <ClInclude Include="Source\Game\GameObjects\Stage\Objects\Ground.h">
      <Filter>Game\GameObjects\Stage\Objects</Filter>
    </ClInclude>
    <ClInclude Include="Source\Game\GameObjects\Stage\Objects\TargetBox.h">
      <Filter>Game\GameObjects\Stage\Objects</Filter>
    </ClInclude>
    <ClInclude Include="Source\Game\GameObjects\Stage\StageManager.h">
      <Filter>Game\GameObjects\Stage</Filter>
    </ClInclude>
    <ClInclude Include="Source\Game\GameObjects\Stage\StageLoader.h">
      <Filter>Game\GameObjects\Stage</Filter>
    </ClInclude>
    <ClInclude Include="Source\Game\Scenes\StageSelectScene.h">
      <Filter>Game\Scene</Filter>
    </ClInclude>
    <ClInclude Include="Source\Game\UI\Tween.h">
      <Filter>UI</Filter>
    </ClInclude>
    <ClInclude Include="Source\Game\UI\UIWidget.h">
      <Filter>UI</Filter>
    </ClInclude>
    <ClInclude Include="Source\Game\Common\Animation.h">
      <Filter>Common</Filter>
    </ClInclude>
  </ItemGroup>
  <ItemGroup>
    <ClCompile Include="Source\Main.cpp" />
    <ClCompile Include="Source\Game\Game.cpp">
      <Filter>Game</Filter>
    </ClCompile>
    <ClCompile Include="pch.cpp" />
    <ClCompile Include="Source\Game\Common\PhysicsEngine\PhysicsObject.cpp">
      <Filter>Common\Physics</Filter>
    </ClCompile>
    <ClCompile Include="Source\Game\Common\ResourceManager.cpp">
      <Filter>Common</Filter>
    </ClCompile>
    <ClCompile Include="Source\Game\Common\Scene.cpp">
      <Filter>Common</Filter>
    </ClCompile>
    <ClCompile Include="Source\Game\Common\SceneManager.cpp">
      <Filter>Common</Filter>
    </ClCompile>
    <ClCompile Include="Source\Game\Common\AudioManager.cpp">
      <Filter>Common</Filter>
    </ClCompile>
    <ClCompile Include="Source\Game\Common\Collision.cpp">
      <Filter>Common</Filter>
    </ClCompile>
    <ClCompile Include="Source\Game\Common\DeviceResources.cpp">
      <Filter>Common</Filter>
    </ClCompile>
    <ClCompile Include="ImaseLib\DebugFont.cpp">
      <Filter>ImaseLib</Filter>
    </ClCompile>
    <ClCompile Include="Source\Game\Scenes\StageScene.cpp">
      <Filter>Game\Scene</Filter>
    </ClCompile>
    <ClCompile Include="Source\Game\Scenes\TitleScene.cpp">
      <Filter>Game\Scene</Filter>
    </ClCompile>
    <ClCompile Include="Source\Game\GameObjects\Enemy\GroundEnemy\GroundEnemy.cpp">
      <Filter>Game\GameObjects\Enemy\GroundEnemy</Filter>
    </ClCompile>
    <ClCompile Include="Source\Game\GameObjects\Player\Player.cpp">
      <Filter>Game\GameObjects\Player</Filter>
    </ClCompile>
    <ClCompile Include="Source\Game\GameObjects\Camera.cpp">
      <Filter>Game\GameObjects</Filter>
    </ClCompile>
    <ClCompile Include="Source\Game\UI\WeaponUI.cpp">
      <Filter>UI</Filter>
    </ClCompile>
    <ClCompile Include="Source\Game\GameObjects\Player\Player_AttackBasic.cpp">
      <Filter>Game\GameObjects\Player\State</Filter>
    </ClCompile>
    <ClCompile Include="Source\Game\GameObjects\Player\Player_AttackHeavy.cpp">
      <Filter>Game\GameObjects\Player\State</Filter>
    </ClCompile>
    <ClCompile Include="Source\Game\GameObjects\Player\Player_AttackRolling.cpp">
      <Filter>Game\GameObjects\Player\State</Filter>
    </ClCompile>
    <ClCompile Include="Source\Game\GameObjects\Player\Player_Idle.cpp">
      <Filter>Game\GameObjects\Player\State</Filter>
    </ClCompile>
    <ClCompile Include="Source\Game\GameObjects\Player\Player_Walk.cpp">
      <Filter>Game\GameObjects\Player\State</Filter>
    </ClCompile>
    <ClCompile Include="Source\Game\GameObjects\Enemy\GroundEnemy\GroundEnemy_Bounce.cpp">
      <Filter>Game\GameObjects\Enemy\GroundEnemy\State</Filter>
    </ClCompile>
    <ClCompile Include="Source\Game\GameObjects\Enemy\GroundEnemy\GroundEnemy_Idle.cpp">
      <Filter>Game\GameObjects\Enemy\GroundEnemy\State</Filter>
    </ClCompile>
    <ClCompile Include="Source\Game\GameObjects\Enemy\GroundEnemy\GroundEnemy_Walk.cpp">
      <Filter>Game\GameObjects\Enemy\GroundEnemy\State</Filter>
    </ClCompile>
    <ClCompile Include="Source\Game\GameObjects\Enemy\GroundEnemy\GroundEnemy_Attack.cpp">
      <Filter>Game\GameObjects\Enemy\GroundEnemy\State</Filter>
    </ClCompile>
    <ClCompile Include="Source\Game\Effect\Trajectory\TrajectoryParticle.cpp">
      <Filter>Effect\Trajectory</Filter>
    </ClCompile>
    <ClCompile Include="Source\Game\Effect\Trajectory\TrajectoryParticleUtility.cpp">
      <Filter>Effect\Trajectory</Filter>
    </ClCompile>
    <ClCompile Include="Source\Game\Effect\Circle\CircleParticle.cpp">
      <Filter>Effect\Circle</Filter>
    </ClCompile>
    <ClCompile Include="Source\Game\Effect\Circle\CircleParticleUtility.cpp">
      <Filter>Effect\Circle</Filter>
    </ClCompile>
    <ClCompile Include="Source\Game\Common\BinaryFile.cpp">
      <Filter>Common</Filter>
    </ClCompile>
    <ClCompile Include="Source\Game\GameObjects\Enemy\EnemyManager.cpp">
      <Filter>Game\GameObjects\Enemy</Filter>
    </ClCompile>
    <ClCompile Include="Source\Game\Common\CollisionManager.cpp">
      <Filter>Common</Filter>
    </ClCompile>
    <ClCompile Include="Source\Game\Effect\EffectManager.cpp">
      <Filter>Effect</Filter>
    </ClCompile>
    <ClCompile Include="Source\Game\GameObjects\Stage\Objects\BounceBox.cpp">
      <Filter>Game\GameObjects\Stage\Objects</Filter>
    </ClCompile>
    <ClCompile Include="Source\Game\GameObjects\Stage\Objects\CountArea.cpp">
      <Filter>Game\GameObjects\Stage\Objects</Filter>
    </ClCompile>
    <ClCompile Include="Source\Game\GameObjects\Stage\Objects\Goal.cpp">
      <Filter>Game\GameObjects\Stage\Objects</Filter>
    </ClCompile>
    <ClCompile Include="Source\Game\GameObjects\Stage\Objects\Ground.cpp">
      <Filter>Game\GameObjects\Stage\Objects</Filter>
    </ClCompile>
    <ClCompile Include="Source\Game\GameObjects\Stage\Objects\TargetBox.cpp">
      <Filter>Game\GameObjects\Stage\Objects</Filter>
    </ClCompile>
    <ClCompile Include="Source\Game\GameObjects\Stage\StageManager.cpp">
      <Filter>Game\GameObjects\Stage</Filter>
    </ClCompile>
    <ClCompile Include="Source\Game\Scenes\StageSelectScene.cpp">
      <Filter>Game\Scene</Filter>
    </ClCompile>
    <ClCompile Include="Source\Game\UI\Tween.cpp">
      <Filter>UI</Filter>
    </ClCompile>
    <ClCompile Include="Source\Game\UI\UIWidget.cpp">
      <Filter>UI</Filter>
    </ClCompile>
    <ClCompile Include="Source\Game\Common\Animation.cpp">
      <Filter>Common</Filter>
    </ClCompile>
  </ItemGroup>
  <ItemGroup>
    <Image Include="Source\directx.ico">
      <Filter>Assets</Filter>
    </Image>
  </ItemGroup>
  <ItemGroup>
    <Manifest Include="Source\settings.manifest">
      <Filter>Assets</Filter>
    </Manifest>
  </ItemGroup>
  <ItemGroup>
    <ResourceCompile Include="Source\resource.rc" />
  </ItemGroup>
  <ItemGroup>
    <None Include="packages.config" />
    <None Include="Resources\Shaders\Particle.hlsli">
      <Filter>Shader</Filter>
    </None>
    <None Include="Resources\Json\test.json">
      <Filter>Json</Filter>
    </None>
    <None Include="Resources\Json\stage1.json">
      <Filter>Json</Filter>
    </None>
    <None Include="Resources\Json\stage2.json">
      <Filter>Json</Filter>
    </None>
  </ItemGroup>
  <ItemGroup>
    <FxCompile Include="Resources\Shaders\ParticleVS.hlsl">
      <Filter>Shader</Filter>
    </FxCompile>
    <FxCompile Include="Resources\Shaders\ParticleGS.hlsl">
      <Filter>Shader</Filter>
    </FxCompile>
    <FxCompile Include="Resources\Shaders\ParticlePS.hlsl">
      <Filter>Shader</Filter>
    </FxCompile>
  </ItemGroup>
</Project>